PODS:
  - DTModelStorage (7.4.1):
    - DTModelStorage/Core (= 7.4.1)
  - DTModelStorage/Core (7.4.1)
  - DTTableViewManager (6.6.0):
    - DTModelStorage (~> 7.4.0)
  - Realm (5.4.3):
    - Realm/Headers (= 5.4.3)
  - Realm/Headers (5.4.3)
  - RealmSwift (5.4.3):
    - Realm (= 5.4.3)
  - RxCocoa (5.1.1):
    - RxRelay (~> 5)
    - RxSwift (~> 5)
  - RxRelay (5.1.1):
    - RxSwift (~> 5)
  - RxSwift (5.1.1)
  - SnapKit (5.0.1)
  - SwiftGen (6.3.0)

DEPENDENCIES:
  - DTTableViewManager
  - RealmSwift
  - RxCocoa (~> 5)
  - RxSwift (~> 5)
  - SnapKit (~> 5.0.0)
  - SwiftGen (~> 6.0)

SPEC REPOS:
  trunk:
    - DTModelStorage
    - DTTableViewManager
    - Realm
    - RealmSwift
    - RxCocoa
    - RxRelay
    - RxSwift
    - SnapKit
    - SwiftGen

SPEC CHECKSUMS:
  DTModelStorage: 558e0c60bdc0bb5d37ec8f04772f29641183ddb9
  DTTableViewManager: df3c7fa735d1b8baac3e547d90f5b02221eda72e
  Realm: e3d5fcc50fd79ddf87a2d86301f6edbf57531f84
  RealmSwift: db608068eccc54bce47928e8118bde13c120c307
  RxCocoa: 32065309a38d29b5b0db858819b5bf9ef038b601
  RxRelay: d77f7d771495f43c556cbc43eebd1bb54d01e8e9
  RxSwift: 81470a2074fa8780320ea5fe4102807cb7118178
  SnapKit: 97b92857e3df3a0c71833cce143274bf6ef8e5eb
  SwiftGen: 3d5024a47ea79e408cded20763d7a17d18a4548c

PODFILE CHECKSUM: 3247272ed5c4bf23f2d0e9fe574f12e158bb9d4f

COCOAPODS: 1.10.1
